// !$*UTF8*$!
{
	archiveVersion = 1;
	classes = {
	};
	objectVersion = 56;
	objects = {

/* Begin PBXBuildFile section */
		E328C0D329E2BC35004E8CCA /* VakitlerApp.swift in Sources */ = {isa = PBXBuildFile; fileRef = E328C0D229E2BC35004E8CCA /* VakitlerApp.swift */; };
		E328C0D529E2BC35004E8CCA /* ContentView.swift in Sources */ = {isa = PBXBuildFile; fileRef = E328C0D429E2BC35004E8CCA /* ContentView.swift */; };
		E328C0D729E2BC36004E8CCA /* Assets.xcassets in Resources */ = {isa = PBXBuildFile; fileRef = E328C0D629E2BC36004E8CCA /* Assets.xcassets */; };
		E328C0DA29E2BC36004E8CCA /* Preview Assets.xcassets in Resources */ = {isa = PBXBuildFile; fileRef = E328C0D929E2BC36004E8CCA /* Preview Assets.xcassets */; };
		E328C0E429E2BC36004E8CCA /* VakitlerTests.swift in Sources */ = {isa = PBXBuildFile; fileRef = E328C0E329E2BC36004E8CCA /* VakitlerTests.swift */; };
		E328C0EE29E2BC36004E8CCA /* VakitlerUITests.swift in Sources */ = {isa = PBXBuildFile; fileRef = E328C0ED29E2BC36004E8CCA /* VakitlerUITests.swift */; };
		E328C0F029E2BC36004E8CCA /* VakitlerUITestsLaunchTests.swift in Sources */ = {isa = PBXBuildFile; fileRef = E328C0EF29E2BC36004E8CCA /* VakitlerUITestsLaunchTests.swift */; };
/* End PBXBuildFile section */

/* Begin PBXContainerItemProxy section */
		E328C0E029E2BC36004E8CCA /* PBXContainerItemProxy */ = {
			isa = PBXContainerItemProxy;
			containerPortal = E328C0C729E2BC35004E8CCA /* Project object */;
			proxyType = 1;
			remoteGlobalIDString = E328C0CE29E2BC35004E8CCA;
			remoteInfo = Vakitler;
		};
		E328C0EA29E2BC36004E8CCA /* PBXContainerItemProxy */ = {
			isa = PBXContainerItemProxy;
			containerPortal = E328C0C729E2BC35004E8CCA /* Project object */;
			proxyType = 1;
			remoteGlobalIDString = E328C0CE29E2BC35004E8CCA;
			remoteInfo = Vakitler;
		};
/* End PBXContainerItemProxy section */

/* Begin PBXFileReference section */
		E328C0CF29E2BC35004E8CCA /* Vakitler.app */ = {isa = PBXFileReference; explicitFileType = wrapper.application; includeInIndex = 0; path = Vakitler.app; sourceTree = BUILT_PRODUCTS_DIR; };
		E328C0D229E2BC35004E8CCA /* VakitlerApp.swift */ = {isa = PBXFileReference; lastKnownFileType = sourcecode.swift; path = VakitlerApp.swift; sourceTree = "<group>"; };
		E328C0D429E2BC35004E8CCA /* ContentView.swift */ = {isa = PBXFileReference; lastKnownFileType = sourcecode.swift; path = ContentView.swift; sourceTree = "<group>"; };
		E328C0D629E2BC36004E8CCA /* Assets.xcassets */ = {isa = PBXFileReference; lastKnownFileType = folder.assetcatalog; path = Assets.xcassets; sourceTree = "<group>"; };
		E328C0D929E2BC36004E8CCA /* Preview Assets.xcassets */ = {isa = PBXFileReference; lastKnownFileType = folder.assetcatalog; path = "Preview Assets.xcassets"; sourceTree = "<group>"; };
		E328C0DF29E2BC36004E8CCA /* VakitlerTests.xctest */ = {isa = PBXFileReference; explicitFileType = wrapper.cfbundle; includeInIndex = 0; path = VakitlerTests.xctest; sourceTree = BUILT_PRODUCTS_DIR; };
		E328C0E329E2BC36004E8CCA /* VakitlerTests.swift */ = {isa = PBXFileReference; lastKnownFileType = sourcecode.swift; path = VakitlerTests.swift; sourceTree = "<group>"; };
		E328C0E929E2BC36004E8CCA /* VakitlerUITests.xctest */ = {isa = PBXFileReference; explicitFileType = wrapper.cfbundle; includeInIndex = 0; path = VakitlerUITests.xctest; sourceTree = BUILT_PRODUCTS_DIR; };
		E328C0ED29E2BC36004E8CCA /* VakitlerUITests.swift */ = {isa = PBXFileReference; lastKnownFileType = sourcecode.swift; path = VakitlerUITests.swift; sourceTree = "<group>"; };
		E328C0EF29E2BC36004E8CCA /* VakitlerUITestsLaunchTests.swift */ = {isa = PBXFileReference; lastKnownFileType = sourcecode.swift; path = VakitlerUITestsLaunchTests.swift; sourceTree = "<group>"; };
/* End PBXFileReference section */

/* Begin PBXFrameworksBuildPhase section */
		E328C0CC29E2BC35004E8CCA /* Frameworks */ = {
			isa = PBXFrameworksBuildPhase;
			buildActionMask = 2147483647;
			files = (
			);
			runOnlyForDeploymentPostprocessing = 0;
		};
		E328C0DC29E2BC36004E8CCA /* Frameworks */ = {
			isa = PBXFrameworksBuildPhase;
			buildActionMask = 2147483647;
			files = (
			);
			runOnlyForDeploymentPostprocessing = 0;
		};
		E328C0E629E2BC36004E8CCA /* Frameworks */ = {
			isa = PBXFrameworksBuildPhase;
			buildActionMask = 2147483647;
			files = (
			);
			runOnlyForDeploymentPostprocessing = 0;
		};
/* End PBXFrameworksBuildPhase section */

/* Begin PBXGroup section */
		E328C0C629E2BC35004E8CCA = {
			isa = PBXGroup;
			children = (
				E328C0D129E2BC35004E8CCA /* Vakitler */,
				E328C0E229E2BC36004E8CCA /* VakitlerTests */,
				E328C0EC29E2BC36004E8CCA /* VakitlerUITests */,
				E328C0D029E2BC35004E8CCA /* Products */,
			);
			sourceTree = "<group>";
		};
		E328C0D029E2BC35004E8CCA /* Products */ = {
			isa = PBXGroup;
			children = (
				E328C0CF29E2BC35004E8CCA /* Vakitler.app */,
				E328C0DF29E2BC36004E8CCA /* VakitlerTests.xctest */,
				E328C0E929E2BC36004E8CCA /* VakitlerUITests.xctest */,
			);
			name = Products;
			sourceTree = "<group>";
		};
		E328C0D129E2BC35004E8CCA /* Vakitler */ = {
			isa = PBXGroup;
			children = (
				E328C0D229E2BC35004E8CCA /* VakitlerApp.swift */,
				E328C0D429E2BC35004E8CCA /* ContentView.swift */,
				E328C0D629E2BC36004E8CCA /* Assets.xcassets */,
				E328C0D829E2BC36004E8CCA /* Preview Content */,
			);
			path = Vakitler;
			sourceTree = "<group>";
		};
		E328C0D829E2BC36004E8CCA /* Preview Content */ = {
			isa = PBXGroup;
			children = (
				E328C0D929E2BC36004E8CCA /* Preview Assets.xcassets */,
			);
			path = "Preview Content";
			sourceTree = "<group>";
		};
		E328C0E229E2BC36004E8CCA /* VakitlerTests */ = {
			isa = PBXGroup;
			children = (
				E328C0E329E2BC36004E8CCA /* VakitlerTests.swift */,
			);
			path = VakitlerTests;
			sourceTree = "<group>";
		};
		E328C0EC29E2BC36004E8CCA /* VakitlerUITests */ = {
			isa = PBXGroup;
			children = (
				E328C0ED29E2BC36004E8CCA /* VakitlerUITests.swift */,
				E328C0EF29E2BC36004E8CCA /* VakitlerUITestsLaunchTests.swift */,
			);
			path = VakitlerUITests;
			sourceTree = "<group>";
		};
/* End PBXGroup section */

/* Begin PBXNativeTarget section */
		E328C0CE29E2BC35004E8CCA /* Vakitler */ = {
			isa = PBXNativeTarget;
			buildConfigurationList = E328C0F329E2BC36004E8CCA /* Build configuration list for PBXNativeTarget "Vakitler" */;
			buildPhases = (
				E328C0CB29E2BC35004E8CCA /* Sources */,
				E328C0CC29E2BC35004E8CCA /* Frameworks */,
				E328C0CD29E2BC35004E8CCA /* Resources */,
			);
			buildRules = (
			);
			dependencies = (
			);
			name = Vakitler;
			productName = Vakitler;
			productReference = E328C0CF29E2BC35004E8CCA /* Vakitler.app */;
			productType = "com.apple.product-type.application";
		};
		E328C0DE29E2BC36004E8CCA /* VakitlerTests */ = {
			isa = PBXNativeTarget;
			buildConfigurationList = E328C0F629E2BC36004E8CCA /* Build configuration list for PBXNativeTarget "VakitlerTests" */;
			buildPhases = (
				E328C0DB29E2BC36004E8CCA /* Sources */,
				E328C0DC29E2BC36004E8CCA /* Frameworks */,
				E328C0DD29E2BC36004E8CCA /* Resources */,
			);
			buildRules = (
			);
			dependencies = (
				E328C0E129E2BC36004E8CCA /* PBXTargetDependency */,
			);
			name = VakitlerTests;
			productName = VakitlerTests;
			productReference = E328C0DF29E2BC36004E8CCA /* VakitlerTests.xctest */;
			productType = "com.apple.product-type.bundle.unit-test";
		};
		E328C0E829E2BC36004E8CCA /* VakitlerUITests */ = {
			isa = PBXNativeTarget;
			buildConfigurationList = E328C0F929E2BC36004E8CCA /* Build configuration list for PBXNativeTarget "VakitlerUITests" */;
			buildPhases = (
				E328C0E529E2BC36004E8CCA /* Sources */,
				E328C0E629E2BC36004E8CCA /* Frameworks */,
				E328C0E729E2BC36004E8CCA /* Resources */,
			);
			buildRules = (
			);
			dependencies = (
				E328C0EB29E2BC36004E8CCA /* PBXTargetDependency */,
			);
			name = VakitlerUITests;
			productName = VakitlerUITests;
			productReference = E328C0E929E2BC36004E8CCA /* VakitlerUITests.xctest */;
			productType = "com.apple.product-type.bundle.ui-testing";
		};
/* End PBXNativeTarget section */

/* Begin PBXProject section */
		E328C0C729E2BC35004E8CCA /* Project object */ = {
			isa = PBXProject;
			attributes = {
				BuildIndependentTargetsInParallel = 1;
				LastSwiftUpdateCheck = 1430;
				LastUpgradeCheck = 1430;
				TargetAttributes = {
					E328C0CE29E2BC35004E8CCA = {
						CreatedOnToolsVersion = 14.3;
					};
					E328C0DE29E2BC36004E8CCA = {
						CreatedOnToolsVersion = 14.3;
						TestTargetID = E328C0CE29E2BC35004E8CCA;
					};
					E328C0E829E2BC36004E8CCA = {
						CreatedOnToolsVersion = 14.3;
						TestTargetID = E328C0CE29E2BC35004E8CCA;
					};
				};
			};
			buildConfigurationList = E328C0CA29E2BC35004E8CCA /* Build configuration list for PBXProject "Vakitler" */;
			compatibilityVersion = "Xcode 14.0";
			developmentRegion = en;
			hasScannedForEncodings = 0;
			knownRegions = (
				en,
				Base,
			);
			mainGroup = E328C0C629E2BC35004E8CCA;
			productRefGroup = E328C0D029E2BC35004E8CCA /* Products */;
			projectDirPath = "";
			projectRoot = "";
			targets = (
				E328C0CE29E2BC35004E8CCA /* Vakitler */,
				E328C0DE29E2BC36004E8CCA /* VakitlerTests */,
				E328C0E829E2BC36004E8CCA /* VakitlerUITests */,
			);
		};
/* End PBXProject section */

/* Begin PBXResourcesBuildPhase section */
		E328C0CD29E2BC35004E8CCA /* Resources */ = {
			isa = PBXResourcesBuildPhase;
			buildActionMask = 2147483647;
			files = (
				E328C0DA29E2BC36004E8CCA /* Preview Assets.xcassets in Resources */,
				E328C0D729E2BC36004E8CCA /* Assets.xcassets in Resources */,
			);
			runOnlyForDeploymentPostprocessing = 0;
		};
		E328C0DD29E2BC36004E8CCA /* Resources */ = {
			isa = PBXResourcesBuildPhase;
			buildActionMask = 2147483647;
			files = (
			);
			runOnlyForDeploymentPostprocessing = 0;
		};
		E328C0E729E2BC36004E8CCA /* Resources */ = {
			isa = PBXResourcesBuildPhase;
			buildActionMask = 2147483647;
			files = (
			);
			runOnlyForDeploymentPostprocessing = 0;
		};
/* End PBXResourcesBuildPhase section */

/* Begin PBXSourcesBuildPhase section */
		E328C0CB29E2BC35004E8CCA /* Sources */ = {
			isa = PBXSourcesBuildPhase;
			buildActionMask = 2147483647;
			files = (
				E328C0D529E2BC35004E8CCA /* ContentView.swift in Sources */,
				E328C0D329E2BC35004E8CCA /* VakitlerApp.swift in Sources */,
			);
			runOnlyForDeploymentPostprocessing = 0;
		};
		E328C0DB29E2BC36004E8CCA /* Sources */ = {
			isa = PBXSourcesBuildPhase;
			buildActionMask = 2147483647;
			files = (
				E328C0E429E2BC36004E8CCA /* VakitlerTests.swift in Sources */,
			);
			runOnlyForDeploymentPostprocessing = 0;
		};
		E328C0E529E2BC36004E8CCA /* Sources */ = {
			isa = PBXSourcesBuildPhase;
			buildActionMask = 2147483647;
			files = (
				E328C0F029E2BC36004E8CCA /* VakitlerUITestsLaunchTests.swift in Sources */,
				E328C0EE29E2BC36004E8CCA /* VakitlerUITests.swift in Sources */,
			);
			runOnlyForDeploymentPostprocessing = 0;
		};
/* End PBXSourcesBuildPhase section */

/* Begin PBXTargetDependency section */
		E328C0E129E2BC36004E8CCA /* PBXTargetDependency */ = {
			isa = PBXTargetDependency;
			target = E328C0CE29E2BC35004E8CCA /* Vakitler */;
			targetProxy = E328C0E029E2BC36004E8CCA /* PBXContainerItemProxy */;
		};
		E328C0EB29E2BC36004E8CCA /* PBXTargetDependency */ = {
			isa = PBXTargetDependency;
			target = E328C0CE29E2BC35004E8CCA /* Vakitler */;
			targetProxy = E328C0EA29E2BC36004E8CCA /* PBXContainerItemProxy */;
		};
/* End PBXTargetDependency section */

/* Begin XCBuildConfiguration section */
		E328C0F129E2BC36004E8CCA /* Debug */ = {
			isa = XCBuildConfiguration;
			buildSettings = {
				ALWAYS_SEARCH_USER_PATHS = NO;
				CLANG_ANALYZER_NONNULL = YES;
				CLANG_ANALYZER_NUMBER_OBJECT_CONVERSION = YES_AGGRESSIVE;
				CLANG_CXX_LANGUAGE_STANDARD = "gnu++20";
				CLANG_ENABLE_MODULES = YES;
				CLANG_ENABLE_OBJC_ARC = YES;
				CLANG_ENABLE_OBJC_WEAK = YES;
				CLANG_WARN_BLOCK_CAPTURE_AUTORELEASING = YES;
				CLANG_WARN_BOOL_CONVERSION = YES;
				CLANG_WARN_COMMA = YES;
				CLANG_WARN_CONSTANT_CONVERSION = YES;
				CLANG_WARN_DEPRECATED_OBJC_IMPLEMENTATIONS = YES;
				CLANG_WARN_DIRECT_OBJC_ISA_USAGE = YES_ERROR;
				CLANG_WARN_DOCUMENTATION_COMMENTS = YES;
				CLANG_WARN_EMPTY_BODY = YES;
				CLANG_WARN_ENUM_CONVERSION = YES;
				CLANG_WARN_INFINITE_RECURSION = YES;
				CLANG_WARN_INT_CONVERSION = YES;
				CLANG_WARN_NON_LITERAL_NULL_CONVERSION = YES;
				CLANG_WARN_OBJC_IMPLICIT_RETAIN_SELF = YES;
				CLANG_WARN_OBJC_LITERAL_CONVERSION = YES;
				CLANG_WARN_OBJC_ROOT_CLASS = YES_ERROR;
				CLANG_WARN_QUOTED_INCLUDE_IN_FRAMEWORK_HEADER = YES;
				CLANG_WARN_RANGE_LOOP_ANALYSIS = YES;
				CLANG_WARN_STRICT_PROTOTYPES = YES;
				CLANG_WARN_SUSPICIOUS_MOVE = YES;
				CLANG_WARN_UNGUARDED_AVAILABILITY = YES_AGGRESSIVE;
				CLANG_WARN_UNREACHABLE_CODE = YES;
				CLANG_WARN__DUPLICATE_METHOD_MATCH = YES;
				COPY_PHASE_STRIP = NO;
				DEBUG_INFORMATION_FORMAT = dwarf;
				ENABLE_STRICT_OBJC_MSGSEND = YES;
				ENABLE_TESTABILITY = YES;
				GCC_C_LANGUAGE_STANDARD = gnu11;
				GCC_DYNAMIC_NO_PIC = NO;
				GCC_NO_COMMON_BLOCKS = YES;
				GCC_OPTIMIZATION_LEVEL = 0;
				GCC_PREPROCESSOR_DEFINITIONS = (
					"DEBUG=1",
					"$(inherited)",
				);
				GCC_WARN_64_TO_32_BIT_CONVERSION = YES;
				GCC_WARN_ABOUT_RETURN_TYPE = YES_ERROR;
				GCC_WARN_UNDECLARED_SELECTOR = YES;
				GCC_WARN_UNINITIALIZED_AUTOS = YES_AGGRESSIVE;
				GCC_WARN_UNUSED_FUNCTION = YES;
				GCC_WARN_UNUSED_VARIABLE = YES;
				IPHONEOS_DEPLOYMENT_TARGET = 16.4;
				MTL_ENABLE_DEBUG_INFO = INCLUDE_SOURCE;
				MTL_FAST_MATH = YES;
				ONLY_ACTIVE_ARCH = YES;
				SDKROOT = iphoneos;
				SWIFT_ACTIVE_COMPILATION_CONDITIONS = DEBUG;
				SWIFT_OPTIMIZATION_LEVEL = "-Onone";
			};
			name = Debug;
		};
		E328C0F229E2BC36004E8CCA /* Release */ = {
			isa = XCBuildConfiguration;
			buildSettings = {
				ALWAYS_SEARCH_USER_PATHS = NO;
				CLANG_ANALYZER_NONNULL = YES;
				CLANG_ANALYZER_NUMBER_OBJECT_CONVERSION = YES_AGGRESSIVE;
				CLANG_CXX_LANGUAGE_STANDARD = "gnu++20";
				CLANG_ENABLE_MODULES = YES;
				CLANG_ENABLE_OBJC_ARC = YES;
				CLANG_ENABLE_OBJC_WEAK = YES;
				CLANG_WARN_BLOCK_CAPTURE_AUTORELEASING = YES;
				CLANG_WARN_BOOL_CONVERSION = YES;
				CLANG_WARN_COMMA = YES;
				CLANG_WARN_CONSTANT_CONVERSION = YES;
				CLANG_WARN_DEPRECATED_OBJC_IMPLEMENTATIONS = YES;
				CLANG_WARN_DIRECT_OBJC_ISA_USAGE = YES_ERROR;
				CLANG_WARN_DOCUMENTATION_COMMENTS = YES;
				CLANG_WARN_EMPTY_BODY = YES;
				CLANG_WARN_ENUM_CONVERSION = YES;
				CLANG_WARN_INFINITE_RECURSION = YES;
				CLANG_WARN_INT_CONVERSION = YES;
				CLANG_WARN_NON_LITERAL_NULL_CONVERSION = YES;
				CLANG_WARN_OBJC_IMPLICIT_RETAIN_SELF = YES;
				CLANG_WARN_OBJC_LITERAL_CONVERSION = YES;
				CLANG_WARN_OBJC_ROOT_CLASS = YES_ERROR;
				CLANG_WARN_QUOTED_INCLUDE_IN_FRAMEWORK_HEADER = YES;
				CLANG_WARN_RANGE_LOOP_ANALYSIS = YES;
				CLANG_WARN_STRICT_PROTOTYPES = YES;
				CLANG_WARN_SUSPICIOUS_MOVE = YES;
				CLANG_WARN_UNGUARDED_AVAILABILITY = YES_AGGRESSIVE;
				CLANG_WARN_UNREACHABLE_CODE = YES;
				CLANG_WARN__DUPLICATE_METHOD_MATCH = YES;
				COPY_PHASE_STRIP = NO;
				DEBUG_INFORMATION_FORMAT = "dwarf-with-dsym";
				ENABLE_NS_ASSERTIONS = NO;
				ENABLE_STRICT_OBJC_MSGSEND = YES;
				GCC_C_LANGUAGE_STANDARD = gnu11;
				GCC_NO_COMMON_BLOCKS = YES;
				GCC_WARN_64_TO_32_BIT_CONVERSION = YES;
				GCC_WARN_ABOUT_RETURN_TYPE = YES_ERROR;
				GCC_WARN_UNDECLARED_SELECTOR = YES;
				GCC_WARN_UNINITIALIZED_AUTOS = YES_AGGRESSIVE;
				GCC_WARN_UNUSED_FUNCTION = YES;
				GCC_WARN_UNUSED_VARIABLE = YES;
				IPHONEOS_DEPLOYMENT_TARGET = 16.4;
				MTL_ENABLE_DEBUG_INFO = NO;
				MTL_FAST_MATH = YES;
				SDKROOT = iphoneos;
				SWIFT_COMPILATION_MODE = wholemodule;
				SWIFT_OPTIMIZATION_LEVEL = "-O";
				VALIDATE_PRODUCT = YES;
			};
			name = Release;
		};
		E328C0F429E2BC36004E8CCA /* Debug */ = {
			isa = XCBuildConfiguration;
			buildSettings = {
				ASSETCATALOG_COMPILER_APPICON_NAME = AppIcon;
				ASSETCATALOG_COMPILER_GLOBAL_ACCENT_COLOR_NAME = AccentColor;
				CODE_SIGN_STYLE = Automatic;
				CURRENT_PROJECT_VERSION = 1;
				DEVELOPMENT_ASSET_PATHS = "\"Vakitler/Preview Content\"";
				DEVELOPMENT_TEAM = FB7Y8XZHL8;
				ENABLE_PREVIEWS = YES;
				GENERATE_INFOPLIST_FILE = YES;
				INFOPLIST_KEY_UIApplicationSceneManifest_Generation = YES;
				INFOPLIST_KEY_UIApplicationSupportsIndirectInputEvents = YES;
				INFOPLIST_KEY_UILaunchScreen_Generation = YES;
				INFOPLIST_KEY_UISupportedInterfaceOrientations = UIInterfaceOrientationPortrait;
				INFOPLIST_KEY_UISupportedInterfaceOrientations_iPad = "UIInterfaceOrientationLandscapeLeft UIInterfaceOrientationLandscapeRight UIInterfaceOrientationPortrait UIInterfaceOrientationPortraitUpsideDown";
				IPHONEOS_DEPLOYMENT_TARGET = 15.0;
				LD_RUNPATH_SEARCH_PATHS = (
					"$(inherited)",
					"@executable_path/Frameworks",
				);
				MARKETING_VERSION = 1.0;
				PRODUCT_BUNDLE_IDENTIFIER = com.elifbeyza.Vakitler;
				PRODUCT_NAME = "$(TARGET_NAME)";
				SUPPORTED_PLATFORMS = "iphoneos iphonesimulator";
				SUPPORTS_MACCATALYST = NO;
				SUPPORTS_MAC_DESIGNED_FOR_IPHONE_IPAD = NO;
				SWIFT_EMIT_LOC_STRINGS = YES;
				SWIFT_VERSION = 5.0;
				TARGETED_DEVICE_FAMILY = 1;
			};
			name = Debug;
		};
		E328C0F529E2BC36004E8CCA /* Release */ = {
			isa = XCBuildConfiguration;
			buildSettings = {
				ASSETCATALOG_COMPILER_APPICON_NAME = AppIcon;
				ASSETCATALOG_COMPILER_GLOBAL_ACCENT_COLOR_NAME = AccentColor;
				CODE_SIGN_STYLE = Automatic;
				CURRENT_PROJECT_VERSION = 1;
				DEVELOPMENT_ASSET_PATHS = "\"Vakitler/Preview Content\"";
				DEVELOPMENT_TEAM = FB7Y8XZHL8;
				ENABLE_PREVIEWS = YES;
				GENERATE_INFOPLIST_FILE = YES;
				INFOPLIST_KEY_UIApplicationSceneManifest_Generation = YES;
				INFOPLIST_KEY_UIApplicationSupportsIndirectInputEvents = YES;
				INFOPLIST_KEY_UILaunchScreen_Generation = YES;
				INFOPLIST_KEY_UISupportedInterfaceOrientations = UIInterfaceOrientationPortrait;
				INFOPLIST_KEY_UISupportedInterfaceOrientations_iPad = "UIInterfaceOrientationLandscapeLeft UIInterfaceOrientationLandscapeRight UIInterfaceOrientationPortrait UIInterfaceOrientationPortraitUpsideDown";
				IPHONEOS_DEPLOYMENT_TARGET = 15.0;
				LD_RUNPATH_SEARCH_PATHS = (
					"$(inherited)",
					"@executable_path/Frameworks",
				);
				MARKETING_VERSION = 1.0;
				PRODUCT_BUNDLE_IDENTIFIER = com.elifbeyza.Vakitler;
				PRODUCT_NAME = "$(TARGET_NAME)";
				SUPPORTED_PLATFORMS = "iphoneos iphonesimulator";
				SUPPORTS_MACCATALYST = NO;
				SUPPORTS_MAC_DESIGNED_FOR_IPHONE_IPAD = NO;
				SWIFT_EMIT_LOC_STRINGS = YES;
				SWIFT_VERSION = 5.0;
				TARGETED_DEVICE_FAMILY = 1;
			};
			name = Release;
		};
		E328C0F729E2BC36004E8CCA /* Debug */ = {
			isa = XCBuildConfiguration;
			buildSettings = {
				ALWAYS_EMBED_SWIFT_STANDARD_LIBRARIES = YES;
				BUNDLE_LOADER = "$(TEST_HOST)";
				CODE_SIGN_STYLE = Automatic;
				CURRENT_PROJECT_VERSION = 1;
				DEVELOPMENT_TEAM = FB7Y8XZHL8;
				GENERATE_INFOPLIST_FILE = YES;
				IPHONEOS_DEPLOYMENT_TARGET = 16.4;
				MARKETING_VERSION = 1.0;
				PRODUCT_BUNDLE_IDENTIFIER = com.elifbeyza.VakitlerTests;
				PRODUCT_NAME = "$(TARGET_NAME)";
				SWIFT_EMIT_LOC_STRINGS = NO;
				SWIFT_VERSION = 5.0;
				TARGETED_DEVICE_FAMILY = "1,2";
				TEST_HOST = "$(BUILT_PRODUCTS_DIR)/Vakitler.app/$(BUNDLE_EXECUTABLE_FOLDER_PATH)/Vakitler";
			};
			name = Debug;
		};
		E328C0F829E2BC36004E8CCA /* Release */ = {
			isa = XCBuildConfiguration;
			buildSettings = {
				ALWAYS_EMBED_SWIFT_STANDARD_LIBRARIES = YES;
				BUNDLE_LOADER = "$(TEST_HOST)";
				CODE_SIGN_STYLE = Automatic;
				CURRENT_PROJECT_VERSION = 1;
				DEVELOPMENT_TEAM = FB7Y8XZHL8;
				GENERATE_INFOPLIST_FILE = YES;
				IPHONEOS_DEPLOYMENT_TARGET = 16.4;
				MARKETING_VERSION = 1.0;
				PRODUCT_BUNDLE_IDENTIFIER = com.elifbeyza.VakitlerTests;
				PRODUCT_NAME = "$(TARGET_NAME)";
				SWIFT_EMIT_LOC_STRINGS = NO;
				SWIFT_VERSION = 5.0;
				TARGETED_DEVICE_FAMILY = "1,2";
				TEST_HOST = "$(BUILT_PRODUCTS_DIR)/Vakitler.app/$(BUNDLE_EXECUTABLE_FOLDER_PATH)/Vakitler";
			};
			name = Release;
		};
		E328C0FA29E2BC36004E8CCA /* Debug */ = {
			isa = XCBuildConfiguration;
			buildSettings = {
				ALWAYS_EMBED_SWIFT_STANDARD_LIBRARIES = YES;
				CODE_SIGN_STYLE = Automatic;
				CURRENT_PROJECT_VERSION = 1;
				DEVELOPMENT_TEAM = FB7Y8XZHL8;
				GENERATE_INFOPLIST_FILE = YES;
				MARKETING_VERSION = 1.0;
				PRODUCT_BUNDLE_IDENTIFIER = com.elifbeyza.VakitlerUITests;
				PRODUCT_NAME = "$(TARGET_NAME)";
				SWIFT_EMIT_LOC_STRINGS = NO;
				SWIFT_VERSION = 5.0;
				TARGETED_DEVICE_FAMILY = "1,2";
				TEST_TARGET_NAME = Vakitler;
			};
			name = Debug;
		};
		E328C0FB29E2BC36004E8CCA /* Release */ = {
			isa = XCBuildConfiguration;
			buildSettings = {
				ALWAYS_EMBED_SWIFT_STANDARD_LIBRARIES = YES;
				CODE_SIGN_STYLE = Automatic;
				CURRENT_PROJECT_VERSION = 1;
				DEVELOPMENT_TEAM = FB7Y8XZHL8;
				GENERATE_INFOPLIST_FILE = YES;
				MARKETING_VERSION = 1.0;
				PRODUCT_BUNDLE_IDENTIFIER = com.elifbeyza.VakitlerUITests;
				PRODUCT_NAME = "$(TARGET_NAME)";
				SWIFT_EMIT_LOC_STRINGS = NO;
				SWIFT_VERSION = 5.0;
				TARGETED_DEVICE_FAMILY = "1,2";
				TEST_TARGET_NAME = Vakitler;
			};
			name = Release;
		};
/* End XCBuildConfiguration section */

/* Begin XCConfigurationList section */
		E328C0CA29E2BC35004E8CCA /* Build configuration list for PBXProject "Vakitler" */ = {
			isa = XCConfigurationList;
			buildConfigurations = (
				E328C0F129E2BC36004E8CCA /* Debug */,
				E328C0F229E2BC36004E8CCA /* Release */,
			);
			defaultConfigurationIsVisible = 0;
			defaultConfigurationName = Release;
		};
		E328C0F329E2BC36004E8CCA /* Build configuration list for PBXNativeTarget "Vakitler" */ = {
			isa = XCConfigurationList;
			buildConfigurations = (
				E328C0F429E2BC36004E8CCA /* Debug */,
				E328C0F529E2BC36004E8CCA /* Release */,
			);
			defaultConfigurationIsVisible = 0;
			defaultConfigurationName = Release;
		};
		E328C0F629E2BC36004E8CCA /* Build configuration list for PBXNativeTarget "VakitlerTests" */ = {
			isa = XCConfigurationList;
			buildConfigurations = (
				E328C0F729E2BC36004E8CCA /* Debug */,
				E328C0F829E2BC36004E8CCA /* Release */,
			);
			defaultConfigurationIsVisible = 0;
			defaultConfigurationName = Release;
		};
		E328C0F929E2BC36004E8CCA /* Build configuration list for PBXNativeTarget "VakitlerUITests" */ = {
			isa = XCConfigurationList;
			buildConfigurations = (
				E328C0FA29E2BC36004E8CCA /* Debug */,
				E328C0FB29E2BC36004E8CCA /* Release */,
			);
			defaultConfigurationIsVisible = 0;
			defaultConfigurationName = Release;
		};
/* End XCConfigurationList section */
	};
	rootObject = E328C0C729E2BC35004E8CCA /* Project object */;
}
